// !$*UTF8*$!
{
	archiveVersion = 1;
	classes = {
	};
	objectVersion = 50;
	objects = {

/* Begin PBXBuildFile section */
		3D33D4B7231B974B00B4E0C9 /* AppDelegate.swift in Sources */ = {isa = PBXBuildFile; fileRef = 3D33D4B6231B974B00B4E0C9 /* AppDelegate.swift */; };
		3D33D4BC231B974B00B4E0C9 /* Main.storyboard in Resources */ = {isa = PBXBuildFile; fileRef = 3D33D4BA231B974B00B4E0C9 /* Main.storyboard */; };
		3D33D4BE231B974D00B4E0C9 /* Assets.xcassets in Resources */ = {isa = PBXBuildFile; fileRef = 3D33D4BD231B974D00B4E0C9 /* Assets.xcassets */; };
		3D33D4C1231B974D00B4E0C9 /* LaunchScreen.storyboard in Resources */ = {isa = PBXBuildFile; fileRef = 3D33D4BF231B974D00B4E0C9 /* LaunchScreen.storyboard */; };
		3D33D4CC231B974D00B4E0C9 /* WeatherTests.swift in Sources */ = {isa = PBXBuildFile; fileRef = 3D33D4CB231B974D00B4E0C9 /* WeatherTests.swift */; };
		3D33D4D7231B974D00B4E0C9 /* WeatherUITests.swift in Sources */ = {isa = PBXBuildFile; fileRef = 3D33D4D6231B974D00B4E0C9 /* WeatherUITests.swift */; };
		3D33D4E6231BAD9900B4E0C9 /* WeatherScrollView.swift in Sources */ = {isa = PBXBuildFile; fileRef = 3D33D4E5231BAD9900B4E0C9 /* WeatherScrollView.swift */; };
		3D33D4E9231BE2E500B4E0C9 /* ForceCastView.xib in Resources */ = {isa = PBXBuildFile; fileRef = 3D33D4E8231BE2E500B4E0C9 /* ForceCastView.xib */; };
		3D33D4EB231CD63B00B4E0C9 /* ForceCastView.swift in Sources */ = {isa = PBXBuildFile; fileRef = 3D33D4EA231CD63B00B4E0C9 /* ForceCastView.swift */; };
		3D33D4EE231CFC3400B4E0C9 /* CitiesControllerViewController.swift in Sources */ = {isa = PBXBuildFile; fileRef = 3D33D4ED231CFC3400B4E0C9 /* CitiesControllerViewController.swift */; };
		3D33D4F1231D07F100B4E0C9 /* countryCodes.json in Resources */ = {isa = PBXBuildFile; fileRef = 3D33D4F0231D07F100B4E0C9 /* countryCodes.json */; };
		3DA739C5231D32E9004647B1 /* CityModel.swift in Sources */ = {isa = PBXBuildFile; fileRef = 3DA739C4231D32E9004647B1 /* CityModel.swift */; };
		3DA739C8231D362E004647B1 /* CitiesViewModel.swift in Sources */ = {isa = PBXBuildFile; fileRef = 3DA739C7231D362E004647B1 /* CitiesViewModel.swift */; };
		3DA739CA231D6A70004647B1 /* UIImageEffects.swift in Sources */ = {isa = PBXBuildFile; fileRef = 3DA739C9231D6A70004647B1 /* UIImageEffects.swift */; };
		3DA739CD231D89FB004647B1 /* WeatherService.swift in Sources */ = {isa = PBXBuildFile; fileRef = 3DA739CC231D89FB004647B1 /* WeatherService.swift */; };
		3DA739CF231E274F004647B1 /* ModelFromServer.swift in Sources */ = {isa = PBXBuildFile; fileRef = 3DA739CE231E274F004647B1 /* ModelFromServer.swift */; };
		3DA739D2231E350B004647B1 /* WeatherCell.swift in Sources */ = {isa = PBXBuildFile; fileRef = 3DA739D0231E350B004647B1 /* WeatherCell.swift */; };
		3DA739D3231E350B004647B1 /* WeatherCell.xib in Resources */ = {isa = PBXBuildFile; fileRef = 3DA739D1231E350B004647B1 /* WeatherCell.xib */; };
		3DA739D5231E4523004647B1 /* Extension.swift in Sources */ = {isa = PBXBuildFile; fileRef = 3DA739D4231E4523004647B1 /* Extension.swift */; };
		3DA739D7231E8069004647B1 /* HeaderView.swift in Sources */ = {isa = PBXBuildFile; fileRef = 3DA739D6231E8069004647B1 /* HeaderView.swift */; };
		3DA739D9231E807F004647B1 /* HeaderView.xib in Resources */ = {isa = PBXBuildFile; fileRef = 3DA739D8231E807F004647B1 /* HeaderView.xib */; };
		3DA739DB231E9698004647B1 /* FroceCastController.swift in Sources */ = {isa = PBXBuildFile; fileRef = 3DA739DA231E9698004647B1 /* FroceCastController.swift */; };
		3DA739DD231E99D2004647B1 /* ForeCastViewModel.swift in Sources */ = {isa = PBXBuildFile; fileRef = 3DA739DC231E99D2004647B1 /* ForeCastViewModel.swift */; };
		3DA739DF231EA92A004647B1 /* WeatherPageViewCotroller.swift in Sources */ = {isa = PBXBuildFile; fileRef = 3DA739DE231EA92A004647B1 /* WeatherPageViewCotroller.swift */; };
		3DA739F023200E24004647B1 /* ImageLoader.swift in Sources */ = {isa = PBXBuildFile; fileRef = 3DA739EF23200E24004647B1 /* ImageLoader.swift */; };
		3DA739F42320DCA7004647B1 /* URLSessionProtocol.swift in Sources */ = {isa = PBXBuildFile; fileRef = 3DA739F32320DCA7004647B1 /* URLSessionProtocol.swift */; };
		3DA739F52320DF0E004647B1 /* WeatherDataTest.json in Resources */ = {isa = PBXBuildFile; fileRef = 3DA739F12320D361004647B1 /* WeatherDataTest.json */; };
		3DA739F72320EBD6004647B1 /* ChaninedAnimatiionQueue.swift in Sources */ = {isa = PBXBuildFile; fileRef = 3DA739F62320EBD6004647B1 /* ChaninedAnimatiionQueue.swift */; };
		3DA739F92320F584004647B1 /* WeatherPageViewModel.swift in Sources */ = {isa = PBXBuildFile; fileRef = 3DA739F82320F584004647B1 /* WeatherPageViewModel.swift */; };
/* End PBXBuildFile section */

/* Begin PBXContainerItemProxy section */
		3D33D4C8231B974D00B4E0C9 /* PBXContainerItemProxy */ = {
			isa = PBXContainerItemProxy;
			containerPortal = 3D33D4AB231B974B00B4E0C9 /* Project object */;
			proxyType = 1;
			remoteGlobalIDString = 3D33D4B2231B974B00B4E0C9;
			remoteInfo = Weather;
		};
		3D33D4D3231B974D00B4E0C9 /* PBXContainerItemProxy */ = {
			isa = PBXContainerItemProxy;
			containerPortal = 3D33D4AB231B974B00B4E0C9 /* Project object */;
			proxyType = 1;
			remoteGlobalIDString = 3D33D4B2231B974B00B4E0C9;
			remoteInfo = Weather;
		};
/* End PBXContainerItemProxy section */

/* Begin PBXFileReference section */
		3D33D4B3231B974B00B4E0C9 /* Weather.app */ = {isa = PBXFileReference; explicitFileType = wrapper.application; includeInIndex = 0; path = Weather.app; sourceTree = BUILT_PRODUCTS_DIR; };
		3D33D4B6231B974B00B4E0C9 /* AppDelegate.swift */ = {isa = PBXFileReference; lastKnownFileType = sourcecode.swift; path = AppDelegate.swift; sourceTree = "<group>"; };
		3D33D4BB231B974B00B4E0C9 /* Base */ = {isa = PBXFileReference; lastKnownFileType = file.storyboard; name = Base; path = Base.lproj/Main.storyboard; sourceTree = "<group>"; };
		3D33D4BD231B974D00B4E0C9 /* Assets.xcassets */ = {isa = PBXFileReference; lastKnownFileType = folder.assetcatalog; path = Assets.xcassets; sourceTree = "<group>"; };
		3D33D4C0231B974D00B4E0C9 /* Base */ = {isa = PBXFileReference; lastKnownFileType = file.storyboard; name = Base; path = Base.lproj/LaunchScreen.storyboard; sourceTree = "<group>"; };
		3D33D4C2231B974D00B4E0C9 /* Info.plist */ = {isa = PBXFileReference; lastKnownFileType = text.plist.xml; path = Info.plist; sourceTree = "<group>"; };
		3D33D4C7231B974D00B4E0C9 /* WeatherTests.xctest */ = {isa = PBXFileReference; explicitFileType = wrapper.cfbundle; includeInIndex = 0; path = WeatherTests.xctest; sourceTree = BUILT_PRODUCTS_DIR; };
		3D33D4CB231B974D00B4E0C9 /* WeatherTests.swift */ = {isa = PBXFileReference; lastKnownFileType = sourcecode.swift; path = WeatherTests.swift; sourceTree = "<group>"; };
		3D33D4CD231B974D00B4E0C9 /* Info.plist */ = {isa = PBXFileReference; lastKnownFileType = text.plist.xml; path = Info.plist; sourceTree = "<group>"; };
		3D33D4D2231B974D00B4E0C9 /* WeatherUITests.xctest */ = {isa = PBXFileReference; explicitFileType = wrapper.cfbundle; includeInIndex = 0; path = WeatherUITests.xctest; sourceTree = BUILT_PRODUCTS_DIR; };
		3D33D4D6231B974D00B4E0C9 /* WeatherUITests.swift */ = {isa = PBXFileReference; lastKnownFileType = sourcecode.swift; path = WeatherUITests.swift; sourceTree = "<group>"; };
		3D33D4D8231B974D00B4E0C9 /* Info.plist */ = {isa = PBXFileReference; lastKnownFileType = text.plist.xml; path = Info.plist; sourceTree = "<group>"; };
		3D33D4E5231BAD9900B4E0C9 /* WeatherScrollView.swift */ = {isa = PBXFileReference; lastKnownFileType = sourcecode.swift; path = WeatherScrollView.swift; sourceTree = "<group>"; };
		3D33D4E8231BE2E500B4E0C9 /* ForceCastView.xib */ = {isa = PBXFileReference; lastKnownFileType = file.xib; path = ForceCastView.xib; sourceTree = "<group>"; };
		3D33D4EA231CD63B00B4E0C9 /* ForceCastView.swift */ = {isa = PBXFileReference; lastKnownFileType = sourcecode.swift; path = ForceCastView.swift; sourceTree = "<group>"; };
		3D33D4ED231CFC3400B4E0C9 /* CitiesControllerViewController.swift */ = {isa = PBXFileReference; lastKnownFileType = sourcecode.swift; path = CitiesControllerViewController.swift; sourceTree = "<group>"; };
		3D33D4F0231D07F100B4E0C9 /* countryCodes.json */ = {isa = PBXFileReference; fileEncoding = 4; lastKnownFileType = text.json; path = countryCodes.json; sourceTree = "<group>"; };
		3DA739C4231D32E9004647B1 /* CityModel.swift */ = {isa = PBXFileReference; lastKnownFileType = sourcecode.swift; path = CityModel.swift; sourceTree = "<group>"; };
		3DA739C7231D362E004647B1 /* CitiesViewModel.swift */ = {isa = PBXFileReference; lastKnownFileType = sourcecode.swift; name = CitiesViewModel.swift; path = Weather/CitiesViewModel.swift; sourceTree = SOURCE_ROOT; };
		3DA739C9231D6A70004647B1 /* UIImageEffects.swift */ = {isa = PBXFileReference; lastKnownFileType = sourcecode.swift; path = UIImageEffects.swift; sourceTree = "<group>"; };
		3DA739CC231D89FB004647B1 /* WeatherService.swift */ = {isa = PBXFileReference; lastKnownFileType = sourcecode.swift; path = WeatherService.swift; sourceTree = "<group>"; };
		3DA739CE231E274F004647B1 /* ModelFromServer.swift */ = {isa = PBXFileReference; lastKnownFileType = sourcecode.swift; path = ModelFromServer.swift; sourceTree = "<group>"; };
		3DA739D0231E350B004647B1 /* WeatherCell.swift */ = {isa = PBXFileReference; lastKnownFileType = sourcecode.swift; path = WeatherCell.swift; sourceTree = "<group>"; };
		3DA739D1231E350B004647B1 /* WeatherCell.xib */ = {isa = PBXFileReference; lastKnownFileType = file.xib; path = WeatherCell.xib; sourceTree = "<group>"; };
		3DA739D4231E4523004647B1 /* Extension.swift */ = {isa = PBXFileReference; lastKnownFileType = sourcecode.swift; path = Extension.swift; sourceTree = "<group>"; };
		3DA739D6231E8069004647B1 /* HeaderView.swift */ = {isa = PBXFileReference; lastKnownFileType = sourcecode.swift; path = HeaderView.swift; sourceTree = "<group>"; };
		3DA739D8231E807F004647B1 /* HeaderView.xib */ = {isa = PBXFileReference; lastKnownFileType = file.xib; path = HeaderView.xib; sourceTree = "<group>"; };
		3DA739DA231E9698004647B1 /* FroceCastController.swift */ = {isa = PBXFileReference; lastKnownFileType = sourcecode.swift; path = FroceCastController.swift; sourceTree = "<group>"; };
		3DA739DC231E99D2004647B1 /* ForeCastViewModel.swift */ = {isa = PBXFileReference; lastKnownFileType = sourcecode.swift; path = ForeCastViewModel.swift; sourceTree = "<group>"; };
		3DA739DE231EA92A004647B1 /* WeatherPageViewCotroller.swift */ = {isa = PBXFileReference; lastKnownFileType = sourcecode.swift; path = WeatherPageViewCotroller.swift; sourceTree = "<group>"; };
		3DA739EF23200E24004647B1 /* ImageLoader.swift */ = {isa = PBXFileReference; lastKnownFileType = sourcecode.swift; path = ImageLoader.swift; sourceTree = "<group>"; };
		3DA739F12320D361004647B1 /* WeatherDataTest.json */ = {isa = PBXFileReference; fileEncoding = 4; lastKnownFileType = text.json; path = WeatherDataTest.json; sourceTree = "<group>"; };
		3DA739F32320DCA7004647B1 /* URLSessionProtocol.swift */ = {isa = PBXFileReference; lastKnownFileType = sourcecode.swift; path = URLSessionProtocol.swift; sourceTree = "<group>"; };
		3DA739F62320EBD6004647B1 /* ChaninedAnimatiionQueue.swift */ = {isa = PBXFileReference; lastKnownFileType = sourcecode.swift; path = ChaninedAnimatiionQueue.swift; sourceTree = "<group>"; };
		3DA739F82320F584004647B1 /* WeatherPageViewModel.swift */ = {isa = PBXFileReference; lastKnownFileType = sourcecode.swift; path = WeatherPageViewModel.swift; sourceTree = "<group>"; };
/* End PBXFileReference section */

/* Begin PBXFrameworksBuildPhase section */
		3D33D4B0231B974B00B4E0C9 /* Frameworks */ = {
			isa = PBXFrameworksBuildPhase;
			buildActionMask = 2147483647;
			files = (
			);
			runOnlyForDeploymentPostprocessing = 0;
		};
		3D33D4C4231B974D00B4E0C9 /* Frameworks */ = {
			isa = PBXFrameworksBuildPhase;
			buildActionMask = 2147483647;
			files = (
			);
			runOnlyForDeploymentPostprocessing = 0;
		};
		3D33D4CF231B974D00B4E0C9 /* Frameworks */ = {
			isa = PBXFrameworksBuildPhase;
			buildActionMask = 2147483647;
			files = (
			);
			runOnlyForDeploymentPostprocessing = 0;
		};
/* End PBXFrameworksBuildPhase section */

/* Begin PBXGroup section */
		3D33D4AA231B974B00B4E0C9 = {
			isa = PBXGroup;
			children = (
				3D33D4B5231B974B00B4E0C9 /* Weather */,
				3D33D4CA231B974D00B4E0C9 /* WeatherTests */,
				3D33D4D5231B974D00B4E0C9 /* WeatherUITests */,
				3D33D4B4231B974B00B4E0C9 /* Products */,
			);
			sourceTree = "<group>";
		};
		3D33D4B4231B974B00B4E0C9 /* Products */ = {
			isa = PBXGroup;
			children = (
				3D33D4B3231B974B00B4E0C9 /* Weather.app */,
				3D33D4C7231B974D00B4E0C9 /* WeatherTests.xctest */,
				3D33D4D2231B974D00B4E0C9 /* WeatherUITests.xctest */,
			);
			name = Products;
			sourceTree = "<group>";
		};
		3D33D4B5231B974B00B4E0C9 /* Weather */ = {
			isa = PBXGroup;
			children = (
				3DA739CB231D8818004647B1 /* Networking */,
				3DA739C6231D360F004647B1 /* ViewModel */,
				3D33D4EF231D03B600B4E0C9 /* Model */,
				3D33D4E7231BE27C00B4E0C9 /* View */,
				3D33D4B6231B974B00B4E0C9 /* AppDelegate.swift */,
				3D33D4EC231CFBFF00B4E0C9 /* View Controller */,
				3D33D4BA231B974B00B4E0C9 /* Main.storyboard */,
				3D33D4E4231B99BE00B4E0C9 /* SupportingFile */,
				3D33D4C2231B974D00B4E0C9 /* Info.plist */,
			);
			path = Weather;
			sourceTree = "<group>";
		};
		3D33D4CA231B974D00B4E0C9 /* WeatherTests */ = {
			isa = PBXGroup;
			children = (
				3DA739F12320D361004647B1 /* WeatherDataTest.json */,
				3D33D4CB231B974D00B4E0C9 /* WeatherTests.swift */,
				3D33D4CD231B974D00B4E0C9 /* Info.plist */,
			);
			path = WeatherTests;
			sourceTree = "<group>";
		};
		3D33D4D5231B974D00B4E0C9 /* WeatherUITests */ = {
			isa = PBXGroup;
			children = (
				3D33D4D6231B974D00B4E0C9 /* WeatherUITests.swift */,
				3D33D4D8231B974D00B4E0C9 /* Info.plist */,
			);
			path = WeatherUITests;
			sourceTree = "<group>";
		};
		3D33D4E4231B99BE00B4E0C9 /* SupportingFile */ = {
			isa = PBXGroup;
			children = (
				3D33D4F0231D07F100B4E0C9 /* countryCodes.json */,
				3D33D4BD231B974D00B4E0C9 /* Assets.xcassets */,
				3D33D4BF231B974D00B4E0C9 /* LaunchScreen.storyboard */,
				3D33D4E5231BAD9900B4E0C9 /* WeatherScrollView.swift */,
				3DA739C9231D6A70004647B1 /* UIImageEffects.swift */,
				3DA739D4231E4523004647B1 /* Extension.swift */,
				3DA739F32320DCA7004647B1 /* URLSessionProtocol.swift */,
			);
			path = SupportingFile;
			sourceTree = "<group>";
		};
		3D33D4E7231BE27C00B4E0C9 /* View */ = {
			isa = PBXGroup;
			children = (
				3D33D4E8231BE2E500B4E0C9 /* ForceCastView.xib */,
				3D33D4EA231CD63B00B4E0C9 /* ForceCastView.swift */,
				3DA739D0231E350B004647B1 /* WeatherCell.swift */,
				3DA739D1231E350B004647B1 /* WeatherCell.xib */,
				3DA739D6231E8069004647B1 /* HeaderView.swift */,
				3DA739D8231E807F004647B1 /* HeaderView.xib */,
				3DA739EF23200E24004647B1 /* ImageLoader.swift */,
				3DA739F62320EBD6004647B1 /* ChaninedAnimatiionQueue.swift */,
			);
			path = View;
			sourceTree = "<group>";
		};
		3D33D4EC231CFBFF00B4E0C9 /* View Controller */ = {
			isa = PBXGroup;
			children = (
				3D33D4ED231CFC3400B4E0C9 /* CitiesControllerViewController.swift */,
				3DA739DA231E9698004647B1 /* FroceCastController.swift */,
				3DA739DE231EA92A004647B1 /* WeatherPageViewCotroller.swift */,
			);
			path = "View Controller";
			sourceTree = "<group>";
		};
		3D33D4EF231D03B600B4E0C9 /* Model */ = {
			isa = PBXGroup;
			children = (
				3DA739C4231D32E9004647B1 /* CityModel.swift */,
				3DA739CE231E274F004647B1 /* ModelFromServer.swift */,
			);
			path = Model;
			sourceTree = "<group>";
		};
		3DA739C6231D360F004647B1 /* ViewModel */ = {
			isa = PBXGroup;
			children = (
				3DA739C7231D362E004647B1 /* CitiesViewModel.swift */,
				3DA739DC231E99D2004647B1 /* ForeCastViewModel.swift */,
				3DA739F82320F584004647B1 /* WeatherPageViewModel.swift */,
			);
			path = ViewModel;
			sourceTree = "<group>";
		};
		3DA739CB231D8818004647B1 /* Networking */ = {
			isa = PBXGroup;
			children = (
				3DA739CC231D89FB004647B1 /* WeatherService.swift */,
			);
			path = Networking;
			sourceTree = "<group>";
		};
/* End PBXGroup section */

/* Begin PBXNativeTarget section */
		3D33D4B2231B974B00B4E0C9 /* Weather */ = {
			isa = PBXNativeTarget;
			buildConfigurationList = 3D33D4DB231B974D00B4E0C9 /* Build configuration list for PBXNativeTarget "Weather" */;
			buildPhases = (
				3D33D4AF231B974B00B4E0C9 /* Sources */,
				3D33D4B0231B974B00B4E0C9 /* Frameworks */,
				3D33D4B1231B974B00B4E0C9 /* Resources */,
			);
			buildRules = (
			);
			dependencies = (
			);
			name = Weather;
			productName = Weather;
			productReference = 3D33D4B3231B974B00B4E0C9 /* Weather.app */;
			productType = "com.apple.product-type.application";
		};
		3D33D4C6231B974D00B4E0C9 /* WeatherTests */ = {
			isa = PBXNativeTarget;
			buildConfigurationList = 3D33D4DE231B974D00B4E0C9 /* Build configuration list for PBXNativeTarget "WeatherTests" */;
			buildPhases = (
				3D33D4C3231B974D00B4E0C9 /* Sources */,
				3D33D4C4231B974D00B4E0C9 /* Frameworks */,
				3D33D4C5231B974D00B4E0C9 /* Resources */,
			);
			buildRules = (
			);
			dependencies = (
				3D33D4C9231B974D00B4E0C9 /* PBXTargetDependency */,
			);
			name = WeatherTests;
			productName = WeatherTests;
			productReference = 3D33D4C7231B974D00B4E0C9 /* WeatherTests.xctest */;
			productType = "com.apple.product-type.bundle.unit-test";
		};
		3D33D4D1231B974D00B4E0C9 /* WeatherUITests */ = {
			isa = PBXNativeTarget;
			buildConfigurationList = 3D33D4E1231B974D00B4E0C9 /* Build configuration list for PBXNativeTarget "WeatherUITests" */;
			buildPhases = (
				3D33D4CE231B974D00B4E0C9 /* Sources */,
				3D33D4CF231B974D00B4E0C9 /* Frameworks */,
				3D33D4D0231B974D00B4E0C9 /* Resources */,
			);
			buildRules = (
			);
			dependencies = (
				3D33D4D4231B974D00B4E0C9 /* PBXTargetDependency */,
			);
			name = WeatherUITests;
			productName = WeatherUITests;
			productReference = 3D33D4D2231B974D00B4E0C9 /* WeatherUITests.xctest */;
			productType = "com.apple.product-type.bundle.ui-testing";
		};
/* End PBXNativeTarget section */

/* Begin PBXProject section */
		3D33D4AB231B974B00B4E0C9 /* Project object */ = {
			isa = PBXProject;
			attributes = {
				LastSwiftUpdateCheck = 1020;
				LastUpgradeCheck = 1020;
				ORGANIZATIONNAME = MTechDigital;
				TargetAttributes = {
					3D33D4B2231B974B00B4E0C9 = {
						CreatedOnToolsVersion = 10.2.1;
					};
					3D33D4C6231B974D00B4E0C9 = {
						CreatedOnToolsVersion = 10.2.1;
						TestTargetID = 3D33D4B2231B974B00B4E0C9;
					};
					3D33D4D1231B974D00B4E0C9 = {
						CreatedOnToolsVersion = 10.2.1;
						TestTargetID = 3D33D4B2231B974B00B4E0C9;
					};
				};
			};
			buildConfigurationList = 3D33D4AE231B974B00B4E0C9 /* Build configuration list for PBXProject "Weather" */;
			compatibilityVersion = "Xcode 9.3";
			developmentRegion = en;
			hasScannedForEncodings = 0;
			knownRegions = (
				en,
				Base,
			);
			mainGroup = 3D33D4AA231B974B00B4E0C9;
			productRefGroup = 3D33D4B4231B974B00B4E0C9 /* Products */;
			projectDirPath = "";
			projectRoot = "";
			targets = (
				3D33D4B2231B974B00B4E0C9 /* Weather */,
				3D33D4C6231B974D00B4E0C9 /* WeatherTests */,
				3D33D4D1231B974D00B4E0C9 /* WeatherUITests */,
			);
		};
/* End PBXProject section */

/* Begin PBXResourcesBuildPhase section */
		3D33D4B1231B974B00B4E0C9 /* Resources */ = {
			isa = PBXResourcesBuildPhase;
			buildActionMask = 2147483647;
			files = (
				3D33D4F1231D07F100B4E0C9 /* countryCodes.json in Resources */,
				3D33D4C1231B974D00B4E0C9 /* LaunchScreen.storyboard in Resources */,
				3DA739D3231E350B004647B1 /* WeatherCell.xib in Resources */,
				3D33D4BE231B974D00B4E0C9 /* Assets.xcassets in Resources */,
				3D33D4BC231B974B00B4E0C9 /* Main.storyboard in Resources */,
				3D33D4E9231BE2E500B4E0C9 /* ForceCastView.xib in Resources */,
				3DA739D9231E807F004647B1 /* HeaderView.xib in Resources */,
			);
			runOnlyForDeploymentPostprocessing = 0;
		};
		3D33D4C5231B974D00B4E0C9 /* Resources */ = {
			isa = PBXResourcesBuildPhase;
			buildActionMask = 2147483647;
			files = (
				3DA739F52320DF0E004647B1 /* WeatherDataTest.json in Resources */,
			);
			runOnlyForDeploymentPostprocessing = 0;
		};
		3D33D4D0231B974D00B4E0C9 /* Resources */ = {
			isa = PBXResourcesBuildPhase;
			buildActionMask = 2147483647;
			files = (
			);
			runOnlyForDeploymentPostprocessing = 0;
		};
/* End PBXResourcesBuildPhase section */

/* Begin PBXSourcesBuildPhase section */
		3D33D4AF231B974B00B4E0C9 /* Sources */ = {
			isa = PBXSourcesBuildPhase;
			buildActionMask = 2147483647;
			files = (
				3DA739F72320EBD6004647B1 /* ChaninedAnimatiionQueue.swift in Sources */,
				3DA739CA231D6A70004647B1 /* UIImageEffects.swift in Sources */,
				3DA739CD231D89FB004647B1 /* WeatherService.swift in Sources */,
				3D33D4E6231BAD9900B4E0C9 /* WeatherScrollView.swift in Sources */,
				3DA739CF231E274F004647B1 /* ModelFromServer.swift in Sources */,
				3DA739D2231E350B004647B1 /* WeatherCell.swift in Sources */,
				3DA739C5231D32E9004647B1 /* CityModel.swift in Sources */,
				3DA739DF231EA92A004647B1 /* WeatherPageViewCotroller.swift in Sources */,
				3DA739C8231D362E004647B1 /* CitiesViewModel.swift in Sources */,
				3DA739F92320F584004647B1 /* WeatherPageViewModel.swift in Sources */,
				3DA739DB231E9698004647B1 /* FroceCastController.swift in Sources */,
				3DA739D5231E4523004647B1 /* Extension.swift in Sources */,
				3D33D4B7231B974B00B4E0C9 /* AppDelegate.swift in Sources */,
				3DA739F42320DCA7004647B1 /* URLSessionProtocol.swift in Sources */,
				3D33D4EB231CD63B00B4E0C9 /* ForceCastView.swift in Sources */,
				3DA739DD231E99D2004647B1 /* ForeCastViewModel.swift in Sources */,
				3DA739F023200E24004647B1 /* ImageLoader.swift in Sources */,
				3D33D4EE231CFC3400B4E0C9 /* CitiesControllerViewController.swift in Sources */,
				3DA739D7231E8069004647B1 /* HeaderView.swift in Sources */,
			);
			runOnlyForDeploymentPostprocessing = 0;
		};
		3D33D4C3231B974D00B4E0C9 /* Sources */ = {
			isa = PBXSourcesBuildPhase;
			buildActionMask = 2147483647;
			files = (
				3D33D4CC231B974D00B4E0C9 /* WeatherTests.swift in Sources */,
			);
			runOnlyForDeploymentPostprocessing = 0;
		};
		3D33D4CE231B974D00B4E0C9 /* Sources */ = {
			isa = PBXSourcesBuildPhase;
			buildActionMask = 2147483647;
			files = (
				3D33D4D7231B974D00B4E0C9 /* WeatherUITests.swift in Sources */,
			);
			runOnlyForDeploymentPostprocessing = 0;
		};
/* End PBXSourcesBuildPhase section */

/* Begin PBXTargetDependency section */
		3D33D4C9231B974D00B4E0C9 /* PBXTargetDependency */ = {
			isa = PBXTargetDependency;
			target = 3D33D4B2231B974B00B4E0C9 /* Weather */;
			targetProxy = 3D33D4C8231B974D00B4E0C9 /* PBXContainerItemProxy */;
		};
		3D33D4D4231B974D00B4E0C9 /* PBXTargetDependency */ = {
			isa = PBXTargetDependency;
			target = 3D33D4B2231B974B00B4E0C9 /* Weather */;
			targetProxy = 3D33D4D3231B974D00B4E0C9 /* PBXContainerItemProxy */;
		};
/* End PBXTargetDependency section */

/* Begin PBXVariantGroup section */
		3D33D4BA231B974B00B4E0C9 /* Main.storyboard */ = {
			isa = PBXVariantGroup;
			children = (
				3D33D4BB231B974B00B4E0C9 /* Base */,
			);
			name = Main.storyboard;
			sourceTree = "<group>";
		};
		3D33D4BF231B974D00B4E0C9 /* LaunchScreen.storyboard */ = {
			isa = PBXVariantGroup;
			children = (
				3D33D4C0231B974D00B4E0C9 /* Base */,
			);
			name = LaunchScreen.storyboard;
			sourceTree = "<group>";
		};
/* End PBXVariantGroup section */

/* Begin XCBuildConfiguration section */
		3D33D4D9231B974D00B4E0C9 /* Debug */ = {
			isa = XCBuildConfiguration;
			buildSettings = {
				ALWAYS_SEARCH_USER_PATHS = NO;
				CLANG_ANALYZER_NONNULL = YES;
				CLANG_ANALYZER_NUMBER_OBJECT_CONVERSION = YES_AGGRESSIVE;
				CLANG_CXX_LANGUAGE_STANDARD = "gnu++14";
				CLANG_CXX_LIBRARY = "libc++";
				CLANG_ENABLE_MODULES = YES;
				CLANG_ENABLE_OBJC_ARC = YES;
				CLANG_ENABLE_OBJC_WEAK = YES;
				CLANG_WARN_BLOCK_CAPTURE_AUTORELEASING = YES;
				CLANG_WARN_BOOL_CONVERSION = YES;
				CLANG_WARN_COMMA = YES;
				CLANG_WARN_CONSTANT_CONVERSION = YES;
				CLANG_WARN_DEPRECATED_OBJC_IMPLEMENTATIONS = YES;
				CLANG_WARN_DIRECT_OBJC_ISA_USAGE = YES_ERROR;
				CLANG_WARN_DOCUMENTATION_COMMENTS = YES;
				CLANG_WARN_EMPTY_BODY = YES;
				CLANG_WARN_ENUM_CONVERSION = YES;
				CLANG_WARN_INFINITE_RECURSION = YES;
				CLANG_WARN_INT_CONVERSION = YES;
				CLANG_WARN_NON_LITERAL_NULL_CONVERSION = YES;
				CLANG_WARN_OBJC_IMPLICIT_RETAIN_SELF = YES;
				CLANG_WARN_OBJC_LITERAL_CONVERSION = YES;
				CLANG_WARN_OBJC_ROOT_CLASS = YES_ERROR;
				CLANG_WARN_RANGE_LOOP_ANALYSIS = YES;
				CLANG_WARN_STRICT_PROTOTYPES = YES;
				CLANG_WARN_SUSPICIOUS_MOVE = YES;
				CLANG_WARN_UNGUARDED_AVAILABILITY = YES_AGGRESSIVE;
				CLANG_WARN_UNREACHABLE_CODE = YES;
				CLANG_WARN__DUPLICATE_METHOD_MATCH = YES;
				CODE_SIGN_IDENTITY = "iPhone Developer";
				COPY_PHASE_STRIP = NO;
				DEBUG_INFORMATION_FORMAT = dwarf;
				ENABLE_STRICT_OBJC_MSGSEND = YES;
				ENABLE_TESTABILITY = YES;
				GCC_C_LANGUAGE_STANDARD = gnu11;
				GCC_DYNAMIC_NO_PIC = NO;
				GCC_NO_COMMON_BLOCKS = YES;
				GCC_OPTIMIZATION_LEVEL = 0;
				GCC_PREPROCESSOR_DEFINITIONS = (
					"DEBUG=1",
					"$(inherited)",
				);
				GCC_WARN_64_TO_32_BIT_CONVERSION = YES;
				GCC_WARN_ABOUT_RETURN_TYPE = YES_ERROR;
				GCC_WARN_UNDECLARED_SELECTOR = YES;
				GCC_WARN_UNINITIALIZED_AUTOS = YES_AGGRESSIVE;
				GCC_WARN_UNUSED_FUNCTION = YES;
				GCC_WARN_UNUSED_VARIABLE = YES;
				IPHONEOS_DEPLOYMENT_TARGET = 11.0;
				MTL_ENABLE_DEBUG_INFO = INCLUDE_SOURCE;
				MTL_FAST_MATH = YES;
				ONLY_ACTIVE_ARCH = YES;
				SDKROOT = iphoneos;
				SWIFT_ACTIVE_COMPILATION_CONDITIONS = DEBUG;
				SWIFT_OPTIMIZATION_LEVEL = "-Onone";
			};
			name = Debug;
		};
		3D33D4DA231B974D00B4E0C9 /* Release */ = {
			isa = XCBuildConfiguration;
			buildSettings = {
				ALWAYS_SEARCH_USER_PATHS = NO;
				CLANG_ANALYZER_NONNULL = YES;
				CLANG_ANALYZER_NUMBER_OBJECT_CONVERSION = YES_AGGRESSIVE;
				CLANG_CXX_LANGUAGE_STANDARD = "gnu++14";
				CLANG_CXX_LIBRARY = "libc++";
				CLANG_ENABLE_MODULES = YES;
				CLANG_ENABLE_OBJC_ARC = YES;
				CLANG_ENABLE_OBJC_WEAK = YES;
				CLANG_WARN_BLOCK_CAPTURE_AUTORELEASING = YES;
				CLANG_WARN_BOOL_CONVERSION = YES;
				CLANG_WARN_COMMA = YES;
				CLANG_WARN_CONSTANT_CONVERSION = YES;
				CLANG_WARN_DEPRECATED_OBJC_IMPLEMENTATIONS = YES;
				CLANG_WARN_DIRECT_OBJC_ISA_USAGE = YES_ERROR;
				CLANG_WARN_DOCUMENTATION_COMMENTS = YES;
				CLANG_WARN_EMPTY_BODY = YES;
				CLANG_WARN_ENUM_CONVERSION = YES;
				CLANG_WARN_INFINITE_RECURSION = YES;
				CLANG_WARN_INT_CONVERSION = YES;
				CLANG_WARN_NON_LITERAL_NULL_CONVERSION = YES;
				CLANG_WARN_OBJC_IMPLICIT_RETAIN_SELF = YES;
				CLANG_WARN_OBJC_LITERAL_CONVERSION = YES;
				CLANG_WARN_OBJC_ROOT_CLASS = YES_ERROR;
				CLANG_WARN_RANGE_LOOP_ANALYSIS = YES;
				CLANG_WARN_STRICT_PROTOTYPES = YES;
				CLANG_WARN_SUSPICIOUS_MOVE = YES;
				CLANG_WARN_UNGUARDED_AVAILABILITY = YES_AGGRESSIVE;
				CLANG_WARN_UNREACHABLE_CODE = YES;
				CLANG_WARN__DUPLICATE_METHOD_MATCH = YES;
				CODE_SIGN_IDENTITY = "iPhone Developer";
				COPY_PHASE_STRIP = NO;
				DEBUG_INFORMATION_FORMAT = "dwarf-with-dsym";
				ENABLE_NS_ASSERTIONS = NO;
				ENABLE_STRICT_OBJC_MSGSEND = YES;
				GCC_C_LANGUAGE_STANDARD = gnu11;
				GCC_NO_COMMON_BLOCKS = YES;
				GCC_WARN_64_TO_32_BIT_CONVERSION = YES;
				GCC_WARN_ABOUT_RETURN_TYPE = YES_ERROR;
				GCC_WARN_UNDECLARED_SELECTOR = YES;
				GCC_WARN_UNINITIALIZED_AUTOS = YES_AGGRESSIVE;
				GCC_WARN_UNUSED_FUNCTION = YES;
				GCC_WARN_UNUSED_VARIABLE = YES;
				IPHONEOS_DEPLOYMENT_TARGET = 11.0;
				MTL_ENABLE_DEBUG_INFO = NO;
				MTL_FAST_MATH = YES;
				SDKROOT = iphoneos;
				SWIFT_COMPILATION_MODE = wholemodule;
				SWIFT_OPTIMIZATION_LEVEL = "-O";
				VALIDATE_PRODUCT = YES;
			};
			name = Release;
		};
		3D33D4DC231B974D00B4E0C9 /* Debug */ = {
			isa = XCBuildConfiguration;
			buildSettings = {
				ALWAYS_EMBED_SWIFT_STANDARD_LIBRARIES = YES;
				ASSETCATALOG_COMPILER_APPICON_NAME = AppIcon;
				CODE_SIGN_STYLE = Automatic;
				INFOPLIST_FILE = Weather/Info.plist;
				IPHONEOS_DEPLOYMENT_TARGET = 10.0;
				LD_RUNPATH_SEARCH_PATHS = (
					"$(inherited)",
					"@executable_path/Frameworks",
				);
				PRODUCT_BUNDLE_IDENTIFIER = com.mingle.weather.Weather;
				PRODUCT_NAME = "$(TARGET_NAME)";
				SWIFT_VERSION = 5.0;
				TARGETED_DEVICE_FAMILY = "1,2";
			};
			name = Debug;
		};
		3D33D4DD231B974D00B4E0C9 /* Release */ = {
			isa = XCBuildConfiguration;
			buildSettings = {
				ALWAYS_EMBED_SWIFT_STANDARD_LIBRARIES = YES;
				ASSETCATALOG_COMPILER_APPICON_NAME = AppIcon;
				CODE_SIGN_STYLE = Automatic;
				INFOPLIST_FILE = Weather/Info.plist;
				IPHONEOS_DEPLOYMENT_TARGET = 10.0;
				LD_RUNPATH_SEARCH_PATHS = (
					"$(inherited)",
					"@executable_path/Frameworks",
				);
				PRODUCT_BUNDLE_IDENTIFIER = com.mingle.weather.Weather;
				PRODUCT_NAME = "$(TARGET_NAME)";
				SWIFT_VERSION = 5.0;
				TARGETED_DEVICE_FAMILY = "1,2";
			};
			name = Release;
		};
		3D33D4DF231B974D00B4E0C9 /* Debug */ = {
			isa = XCBuildConfiguration;
			buildSettings = {
				ALWAYS_EMBED_SWIFT_STANDARD_LIBRARIES = YES;
				BUNDLE_LOADER = "$(TEST_HOST)";
				CODE_SIGN_STYLE = Automatic;
				INFOPLIST_FILE = WeatherTests/Info.plist;
				LD_RUNPATH_SEARCH_PATHS = (
					"$(inherited)",
					"@executable_path/Frameworks",
					"@loader_path/Frameworks",
				);
				PRODUCT_BUNDLE_IDENTIFIER = com.mingle.weather.WeatherTests;
				PRODUCT_NAME = "$(TARGET_NAME)";
				SWIFT_VERSION = 5.0;
				TARGETED_DEVICE_FAMILY = "1,2";
				TEST_HOST = "$(BUILT_PRODUCTS_DIR)/Weather.app/Weather";
			};
			name = Debug;
		};
		3D33D4E0231B974D00B4E0C9 /* Release */ = {
			isa = XCBuildConfiguration;
			buildSettings = {
				ALWAYS_EMBED_SWIFT_STANDARD_LIBRARIES = YES;
				BUNDLE_LOADER = "$(TEST_HOST)";
				CODE_SIGN_STYLE = Automatic;
				INFOPLIST_FILE = WeatherTests/Info.plist;
				LD_RUNPATH_SEARCH_PATHS = (
					"$(inherited)",
					"@executable_path/Frameworks",
					"@loader_path/Frameworks",
				);
				PRODUCT_BUNDLE_IDENTIFIER = com.mingle.weather.WeatherTests;
				PRODUCT_NAME = "$(TARGET_NAME)";
				SWIFT_VERSION = 5.0;
				TARGETED_DEVICE_FAMILY = "1,2";
				TEST_HOST = "$(BUILT_PRODUCTS_DIR)/Weather.app/Weather";
			};
			name = Release;
		};
		3D33D4E2231B974D00B4E0C9 /* Debug */ = {
			isa = XCBuildConfiguration;
			buildSettings = {
				ALWAYS_EMBED_SWIFT_STANDARD_LIBRARIES = YES;
				CODE_SIGN_STYLE = Automatic;
				INFOPLIST_FILE = WeatherUITests/Info.plist;
				LD_RUNPATH_SEARCH_PATHS = (
					"$(inherited)",
					"@executable_path/Frameworks",
					"@loader_path/Frameworks",
				);
				PRODUCT_BUNDLE_IDENTIFIER = com.mingle.weather.WeatherUITests;
				PRODUCT_NAME = "$(TARGET_NAME)";
				SWIFT_VERSION = 5.0;
				TARGETED_DEVICE_FAMILY = "1,2";
				TEST_TARGET_NAME = Weather;
			};
			name = Debug;
		};
		3D33D4E3231B974D00B4E0C9 /* Release */ = {
			isa = XCBuildConfiguration;
			buildSettings = {
				ALWAYS_EMBED_SWIFT_STANDARD_LIBRARIES = YES;
				CODE_SIGN_STYLE = Automatic;
				INFOPLIST_FILE = WeatherUITests/Info.plist;
				LD_RUNPATH_SEARCH_PATHS = (
					"$(inherited)",
					"@executable_path/Frameworks",
					"@loader_path/Frameworks",
				);
				PRODUCT_BUNDLE_IDENTIFIER = com.mingle.weather.WeatherUITests;
				PRODUCT_NAME = "$(TARGET_NAME)";
				SWIFT_VERSION = 5.0;
				TARGETED_DEVICE_FAMILY = "1,2";
				TEST_TARGET_NAME = Weather;
			};
			name = Release;
		};
/* End XCBuildConfiguration section */

/* Begin XCConfigurationList section */
		3D33D4AE231B974B00B4E0C9 /* Build configuration list for PBXProject "Weather" */ = {
			isa = XCConfigurationList;
			buildConfigurations = (
				3D33D4D9231B974D00B4E0C9 /* Debug */,
				3D33D4DA231B974D00B4E0C9 /* Release */,
			);
			defaultConfigurationIsVisible = 0;
			defaultConfigurationName = Release;
		};
		3D33D4DB231B974D00B4E0C9 /* Build configuration list for PBXNativeTarget "Weather" */ = {
			isa = XCConfigurationList;
			buildConfigurations = (
				3D33D4DC231B974D00B4E0C9 /* Debug */,
				3D33D4DD231B974D00B4E0C9 /* Release */,
			);
			defaultConfigurationIsVisible = 0;
			defaultConfigurationName = Release;
		};
		3D33D4DE231B974D00B4E0C9 /* Build configuration list for PBXNativeTarget "WeatherTests" */ = {
			isa = XCConfigurationList;
			buildConfigurations = (
				3D33D4DF231B974D00B4E0C9 /* Debug */,
				3D33D4E0231B974D00B4E0C9 /* Release */,
			);
			defaultConfigurationIsVisible = 0;
			defaultConfigurationName = Release;
		};
		3D33D4E1231B974D00B4E0C9 /* Build configuration list for PBXNativeTarget "WeatherUITests" */ = {
			isa = XCConfigurationList;
			buildConfigurations = (
				3D33D4E2231B974D00B4E0C9 /* Debug */,
				3D33D4E3231B974D00B4E0C9 /* Release */,
			);
			defaultConfigurationIsVisible = 0;
			defaultConfigurationName = Release;
		};
/* End XCConfigurationList section */
	};
	rootObject = 3D33D4AB231B974B00B4E0C9 /* Project object */;
}
